// !$*UTF8*$!
{
	archiveVersion = 1;
	classes = {
	};
	objectVersion = 48;
	objects = {

/* Begin PBXBuildFile section */
		086EF8F5850324D166997182 /* Pods_PM25.framework in Frameworks */ = {isa = PBXBuildFile; fileRef = 2C4972B52D105CF2917DF207 /* Pods_PM25.framework */; };
		222AE78C20240B0700E88BA8 /* AppDelegate.swift in Sources */ = {isa = PBXBuildFile; fileRef = 222AE78B20240B0700E88BA8 /* AppDelegate.swift */; };
		222AE78E20240B0700E88BA8 /* ViewController.swift in Sources */ = {isa = PBXBuildFile; fileRef = 222AE78D20240B0700E88BA8 /* ViewController.swift */; };
		222AE79120240B0700E88BA8 /* Main.storyboard in Resources */ = {isa = PBXBuildFile; fileRef = 222AE78F20240B0700E88BA8 /* Main.storyboard */; };
		222AE79320240B0700E88BA8 /* Assets.xcassets in Resources */ = {isa = PBXBuildFile; fileRef = 222AE79220240B0700E88BA8 /* Assets.xcassets */; };
		222AE79620240B0700E88BA8 /* LaunchScreen.storyboard in Resources */ = {isa = PBXBuildFile; fileRef = 222AE79420240B0700E88BA8 /* LaunchScreen.storyboard */; };
		229661C42027FC89000EB500 /* Logger.swift in Sources */ = {isa = PBXBuildFile; fileRef = 229661C32027FC89000EB500 /* Logger.swift */; };
		229661C720280880000EB500 /* HttpManager.swift in Sources */ = {isa = PBXBuildFile; fileRef = 229661C620280880000EB500 /* HttpManager.swift */; };
/* End PBXBuildFile section */

/* Begin PBXFileReference section */
		03BF82A19BA0B11113402147 /* Pods-PM25.debug.xcconfig */ = {isa = PBXFileReference; includeInIndex = 1; lastKnownFileType = text.xcconfig; name = "Pods-PM25.debug.xcconfig"; path = "Pods/Target Support Files/Pods-PM25/Pods-PM25.debug.xcconfig"; sourceTree = "<group>"; };
		222AE78820240B0700E88BA8 /* PM25.app */ = {isa = PBXFileReference; explicitFileType = wrapper.application; includeInIndex = 0; path = PM25.app; sourceTree = BUILT_PRODUCTS_DIR; };
		222AE78B20240B0700E88BA8 /* AppDelegate.swift */ = {isa = PBXFileReference; lastKnownFileType = sourcecode.swift; path = AppDelegate.swift; sourceTree = "<group>"; };
		222AE78D20240B0700E88BA8 /* ViewController.swift */ = {isa = PBXFileReference; lastKnownFileType = sourcecode.swift; path = ViewController.swift; sourceTree = "<group>"; };
		222AE79020240B0700E88BA8 /* Base */ = {isa = PBXFileReference; lastKnownFileType = file.storyboard; name = Base; path = Base.lproj/Main.storyboard; sourceTree = "<group>"; };
		222AE79220240B0700E88BA8 /* Assets.xcassets */ = {isa = PBXFileReference; lastKnownFileType = folder.assetcatalog; path = Assets.xcassets; sourceTree = "<group>"; };
		222AE79520240B0700E88BA8 /* Base */ = {isa = PBXFileReference; lastKnownFileType = file.storyboard; name = Base; path = Base.lproj/LaunchScreen.storyboard; sourceTree = "<group>"; };
		222AE79720240B0700E88BA8 /* Info.plist */ = {isa = PBXFileReference; lastKnownFileType = text.plist.xml; path = Info.plist; sourceTree = "<group>"; };
		229661C32027FC89000EB500 /* Logger.swift */ = {isa = PBXFileReference; lastKnownFileType = sourcecode.swift; path = Logger.swift; sourceTree = "<group>"; };
		229661C620280880000EB500 /* HttpManager.swift */ = {isa = PBXFileReference; lastKnownFileType = sourcecode.swift; path = HttpManager.swift; sourceTree = "<group>"; };
		2C4972B52D105CF2917DF207 /* Pods_PM25.framework */ = {isa = PBXFileReference; explicitFileType = wrapper.framework; includeInIndex = 0; path = Pods_PM25.framework; sourceTree = BUILT_PRODUCTS_DIR; };
		CAC373E6463688CC960204EA /* Pods-PM25.release.xcconfig */ = {isa = PBXFileReference; includeInIndex = 1; lastKnownFileType = text.xcconfig; name = "Pods-PM25.release.xcconfig"; path = "Pods/Target Support Files/Pods-PM25/Pods-PM25.release.xcconfig"; sourceTree = "<group>"; };
/* End PBXFileReference section */

/* Begin PBXFrameworksBuildPhase section */
		222AE78520240B0700E88BA8 /* Frameworks */ = {
			isa = PBXFrameworksBuildPhase;
			buildActionMask = 2147483647;
			files = (
				086EF8F5850324D166997182 /* Pods_PM25.framework in Frameworks */,
			);
			runOnlyForDeploymentPostprocessing = 0;
		};
/* End PBXFrameworksBuildPhase section */

/* Begin PBXGroup section */
		222AE77F20240B0700E88BA8 = {
			isa = PBXGroup;
			children = (
				222AE78A20240B0700E88BA8 /* PM25 */,
				22C5A70F204E9987000CFD5F /* PM25_ipa */,
				222AE78920240B0700E88BA8 /* Products */,
				65F6E89704FE03993F1B6684 /* Pods */,
				3DE35B9EC62F0E06AE7F83AD /* Frameworks */,
			);
			sourceTree = "<group>";
		};
		222AE78920240B0700E88BA8 /* Products */ = {
			isa = PBXGroup;
			children = (
				222AE78820240B0700E88BA8 /* PM25.app */,
			);
			name = Products;
			sourceTree = "<group>";
		};
		222AE78A20240B0700E88BA8 /* PM25 */ = {
			isa = PBXGroup;
			children = (
				222AE78B20240B0700E88BA8 /* AppDelegate.swift */,
				222AE78D20240B0700E88BA8 /* ViewController.swift */,
				222AE78F20240B0700E88BA8 /* Main.storyboard */,
				222AE79220240B0700E88BA8 /* Assets.xcassets */,
				222AE79420240B0700E88BA8 /* LaunchScreen.storyboard */,
				222AE79720240B0700E88BA8 /* Info.plist */,
				229661C620280880000EB500 /* HttpManager.swift */,
				229661C520280660000EB500 /* Tools */,
			);
			path = PM25;
			sourceTree = "<group>";
		};
		229661C520280660000EB500 /* Tools */ = {
			isa = PBXGroup;
			children = (
				229661C32027FC89000EB500 /* Logger.swift */,
			);
			path = Tools;
			sourceTree = "<group>";
		};
		22C5A70F204E9987000CFD5F /* PM25_ipa */ = {
			isa = PBXGroup;
			children = (
			);
			path = PM25_ipa;
			sourceTree = "<group>";
		};
		3DE35B9EC62F0E06AE7F83AD /* Frameworks */ = {
			isa = PBXGroup;
			children = (
				2C4972B52D105CF2917DF207 /* Pods_PM25.framework */,
			);
			name = Frameworks;
			sourceTree = "<group>";
		};
		65F6E89704FE03993F1B6684 /* Pods */ = {
			isa = PBXGroup;
			children = (
				03BF82A19BA0B11113402147 /* Pods-PM25.debug.xcconfig */,
				CAC373E6463688CC960204EA /* Pods-PM25.release.xcconfig */,
			);
			name = Pods;
			sourceTree = "<group>";
		};
/* End PBXGroup section */

/* Begin PBXNativeTarget section */
		222AE78720240B0700E88BA8 /* PM25 */ = {
			isa = PBXNativeTarget;
			buildConfigurationList = 222AE79A20240B0700E88BA8 /* Build configuration list for PBXNativeTarget "PM25" */;
			buildPhases = (
				0E538037FBEFFFE23AC60D18 /* [CP] Check Pods Manifest.lock */,
				222AE78420240B0700E88BA8 /* Sources */,
				222AE78520240B0700E88BA8 /* Frameworks */,
				222AE78620240B0700E88BA8 /* Resources */,
				2BB48585702CFE50494DE58A /* [CP] Embed Pods Frameworks */,
				8F9CDDCA7E5FE91E762C443F /* [CP] Copy Pods Resources */,
				222AE79D20240CD100E88BA8 /* ShellScript */,
			);
			buildRules = (
			);
			dependencies = (
			);
			name = PM25;
			productName = PM25;
			productReference = 222AE78820240B0700E88BA8 /* PM25.app */;
			productType = "com.apple.product-type.application";
		};
/* End PBXNativeTarget section */

/* Begin PBXProject section */
		222AE78020240B0700E88BA8 /* Project object */ = {
			isa = PBXProject;
			attributes = {
				LastSwiftUpdateCheck = 0920;
				LastUpgradeCheck = 0920;
				ORGANIZATIONNAME = Tim;
				TargetAttributes = {
					222AE78720240B0700E88BA8 = {
						CreatedOnToolsVersion = 9.2;
						ProvisioningStyle = Manual;
					};
				};
			};
			buildConfigurationList = 222AE78320240B0700E88BA8 /* Build configuration list for PBXProject "PM25" */;
			compatibilityVersion = "Xcode 8.0";
			developmentRegion = en;
			hasScannedForEncodings = 0;
			knownRegions = (
				en,
				Base,
			);
			mainGroup = 222AE77F20240B0700E88BA8;
			productRefGroup = 222AE78920240B0700E88BA8 /* Products */;
			projectDirPath = "";
			projectRoot = "";
			targets = (
				222AE78720240B0700E88BA8 /* PM25 */,
			);
		};
/* End PBXProject section */

/* Begin PBXResourcesBuildPhase section */
		222AE78620240B0700E88BA8 /* Resources */ = {
			isa = PBXResourcesBuildPhase;
			buildActionMask = 2147483647;
			files = (
				222AE79620240B0700E88BA8 /* LaunchScreen.storyboard in Resources */,
				222AE79320240B0700E88BA8 /* Assets.xcassets in Resources */,
				222AE79120240B0700E88BA8 /* Main.storyboard in Resources */,
			);
			runOnlyForDeploymentPostprocessing = 0;
		};
/* End PBXResourcesBuildPhase section */

/* Begin PBXShellScriptBuildPhase section */
		0E538037FBEFFFE23AC60D18 /* [CP] Check Pods Manifest.lock */ = {
			isa = PBXShellScriptBuildPhase;
			buildActionMask = 2147483647;
			files = (
			);
			inputPaths = (
			);
			name = "[CP] Check Pods Manifest.lock";
			outputPaths = (
			);
			runOnlyForDeploymentPostprocessing = 0;
			shellPath = /bin/sh;
			shellScript = "diff \"${PODS_ROOT}/../Podfile.lock\" \"${PODS_ROOT}/Manifest.lock\" > /dev/null\nif [ $? != 0 ] ; then\n    # print error to STDERR\n    echo \"error: The sandbox is not in sync with the Podfile.lock. Run 'pod install' or update your CocoaPods installation.\" >&2\n    exit 1\nfi\n";
			showEnvVarsInLog = 0;
		};
		222AE79D20240CD100E88BA8 /* ShellScript */ = {
			isa = PBXShellScriptBuildPhase;
			buildActionMask = 2147483647;
			files = (
			);
			inputPaths = (
			);
			outputPaths = (
			);
			runOnlyForDeploymentPostprocessing = 0;
			shellPath = /bin/sh;
			shellScript = "\"${PODS_ROOT}/Fabric/run\" 96bc5a23365d827b24e56fba1caae7e99ad82436 45b9278a837524e811eeb2d3468bcfdb0524af6664408b99f6c35d2d14903ead";
		};
		2BB48585702CFE50494DE58A /* [CP] Embed Pods Frameworks */ = {
			isa = PBXShellScriptBuildPhase;
			buildActionMask = 2147483647;
			files = (
			);
			inputPaths = (
			);
			name = "[CP] Embed Pods Frameworks";
			outputPaths = (
			);
			runOnlyForDeploymentPostprocessing = 0;
			shellPath = /bin/sh;
			shellScript = "\"${SRCROOT}/Pods/Target Support Files/Pods-PM25/Pods-PM25-frameworks.sh\"\n";
			showEnvVarsInLog = 0;
		};
		8F9CDDCA7E5FE91E762C443F /* [CP] Copy Pods Resources */ = {
			isa = PBXShellScriptBuildPhase;
			buildActionMask = 2147483647;
			files = (
			);
			inputPaths = (
			);
			name = "[CP] Copy Pods Resources";
			outputPaths = (
			);
			runOnlyForDeploymentPostprocessing = 0;
			shellPath = /bin/sh;
			shellScript = "\"${SRCROOT}/Pods/Target Support Files/Pods-PM25/Pods-PM25-resources.sh\"\n";
			showEnvVarsInLog = 0;
		};
/* End PBXShellScriptBuildPhase section */

/* Begin PBXSourcesBuildPhase section */
		222AE78420240B0700E88BA8 /* Sources */ = {
			isa = PBXSourcesBuildPhase;
			buildActionMask = 2147483647;
			files = (
				222AE78E20240B0700E88BA8 /* ViewController.swift in Sources */,
				229661C42027FC89000EB500 /* Logger.swift in Sources */,
				222AE78C20240B0700E88BA8 /* AppDelegate.swift in Sources */,
				229661C720280880000EB500 /* HttpManager.swift in Sources */,
			);
			runOnlyForDeploymentPostprocessing = 0;
		};
/* End PBXSourcesBuildPhase section */

/* Begin PBXVariantGroup section */
		222AE78F20240B0700E88BA8 /* Main.storyboard */ = {
			isa = PBXVariantGroup;
			children = (
				222AE79020240B0700E88BA8 /* Base */,
			);
			name = Main.storyboard;
			sourceTree = "<group>";
		};
		222AE79420240B0700E88BA8 /* LaunchScreen.storyboard */ = {
			isa = PBXVariantGroup;
			children = (
				222AE79520240B0700E88BA8 /* Base */,
			);
			name = LaunchScreen.storyboard;
			sourceTree = "<group>";
		};
/* End PBXVariantGroup section */

/* Begin XCBuildConfiguration section */
		222AE79820240B0700E88BA8 /* Debug */ = {
			isa = XCBuildConfiguration;
			buildSettings = {
				ALWAYS_SEARCH_USER_PATHS = NO;
				CLANG_ANALYZER_NONNULL = YES;
				CLANG_ANALYZER_NUMBER_OBJECT_CONVERSION = YES_AGGRESSIVE;
				CLANG_CXX_LANGUAGE_STANDARD = "gnu++14";
				CLANG_CXX_LIBRARY = "libc++";
				CLANG_ENABLE_MODULES = YES;
				CLANG_ENABLE_OBJC_ARC = YES;
				CLANG_WARN_BLOCK_CAPTURE_AUTORELEASING = YES;
				CLANG_WARN_BOOL_CONVERSION = YES;
				CLANG_WARN_COMMA = YES;
				CLANG_WARN_CONSTANT_CONVERSION = YES;
				CLANG_WARN_DIRECT_OBJC_ISA_USAGE = YES_ERROR;
				CLANG_WARN_DOCUMENTATION_COMMENTS = YES;
				CLANG_WARN_EMPTY_BODY = YES;
				CLANG_WARN_ENUM_CONVERSION = YES;
				CLANG_WARN_INFINITE_RECURSION = YES;
				CLANG_WARN_INT_CONVERSION = YES;
				CLANG_WARN_NON_LITERAL_NULL_CONVERSION = YES;
				CLANG_WARN_OBJC_LITERAL_CONVERSION = YES;
				CLANG_WARN_OBJC_ROOT_CLASS = YES_ERROR;
				CLANG_WARN_RANGE_LOOP_ANALYSIS = YES;
				CLANG_WARN_STRICT_PROTOTYPES = YES;
				CLANG_WARN_SUSPICIOUS_MOVE = YES;
				CLANG_WARN_UNGUARDED_AVAILABILITY = YES_AGGRESSIVE;
				CLANG_WARN_UNREACHABLE_CODE = YES;
				CLANG_WARN__DUPLICATE_METHOD_MATCH = YES;
				CODE_SIGN_IDENTITY = "iPhone Developer";
				COPY_PHASE_STRIP = NO;
				DEBUG_INFORMATION_FORMAT = "dwarf-with-dsym";
				ENABLE_STRICT_OBJC_MSGSEND = YES;
				ENABLE_TESTABILITY = YES;
				GCC_C_LANGUAGE_STANDARD = gnu11;
				GCC_DYNAMIC_NO_PIC = NO;
				GCC_NO_COMMON_BLOCKS = YES;
				GCC_OPTIMIZATION_LEVEL = 0;
				GCC_PREPROCESSOR_DEFINITIONS = (
					"DEBUG=1",
					"$(inherited)",
				);
				GCC_WARN_64_TO_32_BIT_CONVERSION = YES;
				GCC_WARN_ABOUT_RETURN_TYPE = YES_ERROR;
				GCC_WARN_UNDECLARED_SELECTOR = YES;
				GCC_WARN_UNINITIALIZED_AUTOS = YES_AGGRESSIVE;
				GCC_WARN_UNUSED_FUNCTION = YES;
				GCC_WARN_UNUSED_VARIABLE = YES;
				IPHONEOS_DEPLOYMENT_TARGET = 11.2;
				MTL_ENABLE_DEBUG_INFO = YES;
				ONLY_ACTIVE_ARCH = YES;
				SDKROOT = iphoneos;
				SWIFT_ACTIVE_COMPILATION_CONDITIONS = DEBUG;
				SWIFT_OPTIMIZATION_LEVEL = "-Onone";
			};
			name = Debug;
		};
		222AE79920240B0700E88BA8 /* Release */ = {
			isa = XCBuildConfiguration;
			buildSettings = {
				ALWAYS_SEARCH_USER_PATHS = NO;
				CLANG_ANALYZER_NONNULL = YES;
				CLANG_ANALYZER_NUMBER_OBJECT_CONVERSION = YES_AGGRESSIVE;
				CLANG_CXX_LANGUAGE_STANDARD = "gnu++14";
				CLANG_CXX_LIBRARY = "libc++";
				CLANG_ENABLE_MODULES = YES;
				CLANG_ENABLE_OBJC_ARC = YES;
				CLANG_WARN_BLOCK_CAPTURE_AUTORELEASING = YES;
				CLANG_WARN_BOOL_CONVERSION = YES;
				CLANG_WARN_COMMA = YES;
				CLANG_WARN_CONSTANT_CONVERSION = YES;
				CLANG_WARN_DIRECT_OBJC_ISA_USAGE = YES_ERROR;
				CLANG_WARN_DOCUMENTATION_COMMENTS = YES;
				CLANG_WARN_EMPTY_BODY = YES;
				CLANG_WARN_ENUM_CONVERSION = YES;
				CLANG_WARN_INFINITE_RECURSION = YES;
				CLANG_WARN_INT_CONVERSION = YES;
				CLANG_WARN_NON_LITERAL_NULL_CONVERSION = YES;
				CLANG_WARN_OBJC_LITERAL_CONVERSION = YES;
				CLANG_WARN_OBJC_ROOT_CLASS = YES_ERROR;
				CLANG_WARN_RANGE_LOOP_ANALYSIS = YES;
				CLANG_WARN_STRICT_PROTOTYPES = YES;
				CLANG_WARN_SUSPICIOUS_MOVE = YES;
				CLANG_WARN_UNGUARDED_AVAILABILITY = YES_AGGRESSIVE;
				CLANG_WARN_UNREACHABLE_CODE = YES;
				CLANG_WARN__DUPLICATE_METHOD_MATCH = YES;
				CODE_SIGN_IDENTITY = "iPhone Developer";
				COPY_PHASE_STRIP = NO;
				DEBUG_INFORMATION_FORMAT = "dwarf-with-dsym";
				ENABLE_NS_ASSERTIONS = NO;
				ENABLE_STRICT_OBJC_MSGSEND = YES;
				GCC_C_LANGUAGE_STANDARD = gnu11;
				GCC_NO_COMMON_BLOCKS = YES;
				GCC_WARN_64_TO_32_BIT_CONVERSION = YES;
				GCC_WARN_ABOUT_RETURN_TYPE = YES_ERROR;
				GCC_WARN_UNDECLARED_SELECTOR = YES;
				GCC_WARN_UNINITIALIZED_AUTOS = YES_AGGRESSIVE;
				GCC_WARN_UNUSED_FUNCTION = YES;
				GCC_WARN_UNUSED_VARIABLE = YES;
				IPHONEOS_DEPLOYMENT_TARGET = 11.2;
				MTL_ENABLE_DEBUG_INFO = NO;
				SDKROOT = iphoneos;
				SWIFT_OPTIMIZATION_LEVEL = "-Owholemodule";
				VALIDATE_PRODUCT = YES;
			};
			name = Release;
		};
		222AE79B20240B0700E88BA8 /* Debug */ = {
			isa = XCBuildConfiguration;
			baseConfigurationReference = 03BF82A19BA0B11113402147 /* Pods-PM25.debug.xcconfig */;
			buildSettings = {
				ASSETCATALOG_COMPILER_APPICON_NAME = AppIcon;
				CODE_SIGN_IDENTITY = "iPhone Distribution: KAI-HUANG TSENG (5B9M6SMCXM)";
				"CODE_SIGN_IDENTITY[sdk=iphoneos*]" = "iPhone Distribution";
				CODE_SIGN_STYLE = Manual;
				DEVELOPMENT_TEAM = 5B9M6SMCXM;
				INFOPLIST_FILE = PM25/Info.plist;
				LD_RUNPATH_SEARCH_PATHS = "$(inherited) @executable_path/Frameworks";
				PRODUCT_BUNDLE_IDENTIFIER = com.Tim.PM25;
				PRODUCT_NAME = "$(TARGET_NAME)";
				PROVISIONING_PROFILE = "1b8c3c46-9461-4f7b-bc2b-3b26d17ca185";
				PROVISIONING_PROFILE_SPECIFIER = PM25;
				SWIFT_VERSION = 4.0;
				TARGETED_DEVICE_FAMILY = "1,2";
			};
			name = Debug;
		};
		222AE79C20240B0700E88BA8 /* Release */ = {
			isa = XCBuildConfiguration;
			baseConfigurationReference = CAC373E6463688CC960204EA /* Pods-PM25.release.xcconfig */;
			buildSettings = {
				ASSETCATALOG_COMPILER_APPICON_NAME = AppIcon;
				CODE_SIGN_IDENTITY = "iPhone Distribution: KAI-HUANG TSENG (5B9M6SMCXM)";
				"CODE_SIGN_IDENTITY[sdk=iphoneos*]" = "iPhone Distribution";
				CODE_SIGN_STYLE = Manual;
				DEVELOPMENT_TEAM = 5B9M6SMCXM;
				INFOPLIST_FILE = PM25/Info.plist;
				LD_RUNPATH_SEARCH_PATHS = "$(inherited) @executable_path/Frameworks";
				PRODUCT_BUNDLE_IDENTIFIER = com.Tim.PM25;
				PRODUCT_NAME = "$(TARGET_NAME)";
				PROVISIONING_PROFILE = "1b8c3c46-9461-4f7b-bc2b-3b26d17ca185";
				PROVISIONING_PROFILE_SPECIFIER = PM25;
				SWIFT_VERSION = 4.0;
				TARGETED_DEVICE_FAMILY = "1,2";
			};
			name = Release;
		};
/* End XCBuildConfiguration section */

/* Begin XCConfigurationList section */
		222AE78320240B0700E88BA8 /* Build configuration list for PBXProject "PM25" */ = {
			isa = XCConfigurationList;
			buildConfigurations = (
				222AE79820240B0700E88BA8 /* Debug */,
				222AE79920240B0700E88BA8 /* Release */,
			);
			defaultConfigurationIsVisible = 0;
			defaultConfigurationName = Release;
		};
		222AE79A20240B0700E88BA8 /* Build configuration list for PBXNativeTarget "PM25" */ = {
			isa = XCConfigurationList;
			buildConfigurations = (
				222AE79B20240B0700E88BA8 /* Debug */,
				222AE79C20240B0700E88BA8 /* Release */,
			);
			defaultConfigurationIsVisible = 0;
			defaultConfigurationName = Release;
		};
/* End XCConfigurationList section */
	};
	rootObject = 222AE78020240B0700E88BA8 /* Project object */;
}
